// !$*UTF8*$!
{
	archiveVersion = 1;
	classes = {
	};
	objectVersion = 50;
	objects = {

/* Begin PBXBuildFile section */
		A398F79820A346BB00C60946 /* AppDelegate.swift in Sources */ = {isa = PBXBuildFile; fileRef = A398F79720A346BB00C60946 /* AppDelegate.swift */; };
		A398F79D20A346BB00C60946 /* Main.storyboard in Resources */ = {isa = PBXBuildFile; fileRef = A398F79B20A346BB00C60946 /* Main.storyboard */; };
		A398F7A020A346BB00C60946 /* Steina.xcdatamodeld in Sources */ = {isa = PBXBuildFile; fileRef = A398F79E20A346BB00C60946 /* Steina.xcdatamodeld */; };
		A398F7A220A346BC00C60946 /* Assets.xcassets in Resources */ = {isa = PBXBuildFile; fileRef = A398F7A120A346BC00C60946 /* Assets.xcassets */; };
		A398F7A520A346BC00C60946 /* LaunchScreen.storyboard in Resources */ = {isa = PBXBuildFile; fileRef = A398F7A320A346BC00C60946 /* LaunchScreen.storyboard */; };
		A398F7AD20A4CD1C00C60946 /* web in Resources */ = {isa = PBXBuildFile; fileRef = A398F7AC20A4CD1C00C60946 /* web */; };
		A398F7B020A4D6C700C60946 /* EditorViewController.swift in Sources */ = {isa = PBXBuildFile; fileRef = A398F7AF20A4D6C700C60946 /* EditorViewController.swift */; };
		A398F7BB20AA4DC100C60946 /* ClipsCollectionViewController.swift in Sources */ = {isa = PBXBuildFile; fileRef = A398F7BA20AA4DC100C60946 /* ClipsCollectionViewController.swift */; };
		A398F7BF20B3210500C60946 /* MetalWorker.swift in Sources */ = {isa = PBXBuildFile; fileRef = A398F7BE20B3210500C60946 /* MetalWorker.swift */; };
		A398F7C120B3266200C60946 /* Shaders.metal in Sources */ = {isa = PBXBuildFile; fileRef = A398F7C020B3266200C60946 /* Shaders.metal */; };
		A398F7C320B4582900C60946 /* CaptureViewController.swift in Sources */ = {isa = PBXBuildFile; fileRef = A398F7C220B4582900C60946 /* CaptureViewController.swift */; };
		A398F7C820B45C6100C60946 /* libturbojpeg.a in Frameworks */ = {isa = PBXBuildFile; fileRef = A398F7C720B45C6100C60946 /* libturbojpeg.a */; };
		A398F7CD20B5A8E900C60946 /* DataTypes.swift in Sources */ = {isa = PBXBuildFile; fileRef = A398F7CC20B5A8E900C60946 /* DataTypes.swift */; };
		A398F7CF20B5B89D00C60946 /* VideoClip.swift in Sources */ = {isa = PBXBuildFile; fileRef = A398F7CE20B5B89D00C60946 /* VideoClip.swift */; };
		A398F7D320BB03BF00C60946 /* CoreDataEntities.swift in Sources */ = {isa = PBXBuildFile; fileRef = A398F7D220BB03BF00C60946 /* CoreDataEntities.swift */; };
		A398F7D720BB05D800C60946 /* ProjectCollectionViewController.swift in Sources */ = {isa = PBXBuildFile; fileRef = A398F7D620BB05D800C60946 /* ProjectCollectionViewController.swift */; };
		A3C7C6F820C0488E009E08EF /* DrawMaskView.swift in Sources */ = {isa = PBXBuildFile; fileRef = A3C7C6F720C0488E009E08EF /* DrawMaskView.swift */; };
		A3C7C6FE20C04C75009E08EF /* Utils.swift in Sources */ = {isa = PBXBuildFile; fileRef = A3C7C6FD20C04C75009E08EF /* Utils.swift */; };
/* End PBXBuildFile section */

/* Begin PBXFileReference section */
		A398F79420A346BB00C60946 /* Steina.app */ = {isa = PBXFileReference; explicitFileType = wrapper.application; includeInIndex = 0; path = Steina.app; sourceTree = BUILT_PRODUCTS_DIR; };
		A398F79720A346BB00C60946 /* AppDelegate.swift */ = {isa = PBXFileReference; lastKnownFileType = sourcecode.swift; path = AppDelegate.swift; sourceTree = "<group>"; };
		A398F79C20A346BB00C60946 /* Base */ = {isa = PBXFileReference; lastKnownFileType = file.storyboard; name = Base; path = Base.lproj/Main.storyboard; sourceTree = "<group>"; };
		A398F79F20A346BB00C60946 /* Steina.xcdatamodel */ = {isa = PBXFileReference; lastKnownFileType = wrapper.xcdatamodel; path = Steina.xcdatamodel; sourceTree = "<group>"; };
		A398F7A120A346BC00C60946 /* Assets.xcassets */ = {isa = PBXFileReference; lastKnownFileType = folder.assetcatalog; path = Assets.xcassets; sourceTree = "<group>"; };
		A398F7A420A346BC00C60946 /* Base */ = {isa = PBXFileReference; lastKnownFileType = file.storyboard; name = Base; path = Base.lproj/LaunchScreen.storyboard; sourceTree = "<group>"; };
		A398F7A620A346BC00C60946 /* Info.plist */ = {isa = PBXFileReference; lastKnownFileType = text.plist.xml; path = Info.plist; sourceTree = "<group>"; };
		A398F7AC20A4CD1C00C60946 /* web */ = {isa = PBXFileReference; lastKnownFileType = folder; name = web; path = ../web; sourceTree = "<group>"; };
		A398F7AF20A4D6C700C60946 /* EditorViewController.swift */ = {isa = PBXFileReference; lastKnownFileType = sourcecode.swift; path = EditorViewController.swift; sourceTree = "<group>"; };
		A398F7BA20AA4DC100C60946 /* ClipsCollectionViewController.swift */ = {isa = PBXFileReference; lastKnownFileType = sourcecode.swift; path = ClipsCollectionViewController.swift; sourceTree = "<group>"; };
		A398F7BE20B3210500C60946 /* MetalWorker.swift */ = {isa = PBXFileReference; lastKnownFileType = sourcecode.swift; path = MetalWorker.swift; sourceTree = "<group>"; };
		A398F7C020B3266200C60946 /* Shaders.metal */ = {isa = PBXFileReference; lastKnownFileType = sourcecode.metal; path = Shaders.metal; sourceTree = "<group>"; };
		A398F7C220B4582900C60946 /* CaptureViewController.swift */ = {isa = PBXFileReference; lastKnownFileType = sourcecode.swift; path = CaptureViewController.swift; sourceTree = "<group>"; };
		A398F7C520B45C6100C60946 /* jpeglib.h */ = {isa = PBXFileReference; fileEncoding = 4; lastKnownFileType = sourcecode.c.h; path = jpeglib.h; sourceTree = "<group>"; };
		A398F7C620B45C6100C60946 /* turbojpeg.h */ = {isa = PBXFileReference; fileEncoding = 4; lastKnownFileType = sourcecode.c.h; path = turbojpeg.h; sourceTree = "<group>"; };
		A398F7C720B45C6100C60946 /* libturbojpeg.a */ = {isa = PBXFileReference; lastKnownFileType = archive.ar; path = libturbojpeg.a; sourceTree = "<group>"; };
		A398F7C920B45C9600C60946 /* Steina-Bridging-Header.h */ = {isa = PBXFileReference; lastKnownFileType = sourcecode.c.h; path = "Steina-Bridging-Header.h"; sourceTree = "<group>"; };
		A398F7CC20B5A8E900C60946 /* DataTypes.swift */ = {isa = PBXFileReference; lastKnownFileType = sourcecode.swift; path = DataTypes.swift; sourceTree = "<group>"; };
		A398F7CE20B5B89D00C60946 /* VideoClip.swift */ = {isa = PBXFileReference; lastKnownFileType = sourcecode.swift; path = VideoClip.swift; sourceTree = "<group>"; };
		A398F7D220BB03BF00C60946 /* CoreDataEntities.swift */ = {isa = PBXFileReference; lastKnownFileType = sourcecode.swift; path = CoreDataEntities.swift; sourceTree = "<group>"; };
		A398F7D620BB05D800C60946 /* ProjectCollectionViewController.swift */ = {isa = PBXFileReference; lastKnownFileType = sourcecode.swift; path = ProjectCollectionViewController.swift; sourceTree = "<group>"; };
		A3C7C6F720C0488E009E08EF /* DrawMaskView.swift */ = {isa = PBXFileReference; lastKnownFileType = sourcecode.swift; path = DrawMaskView.swift; sourceTree = "<group>"; };
		A3C7C6FD20C04C75009E08EF /* Utils.swift */ = {isa = PBXFileReference; lastKnownFileType = sourcecode.swift; path = Utils.swift; sourceTree = "<group>"; };
/* End PBXFileReference section */

/* Begin PBXFrameworksBuildPhase section */
		A398F79120A346BB00C60946 /* Frameworks */ = {
			isa = PBXFrameworksBuildPhase;
			buildActionMask = 2147483647;
			files = (
				A398F7C820B45C6100C60946 /* libturbojpeg.a in Frameworks */,
			);
			runOnlyForDeploymentPostprocessing = 0;
		};
/* End PBXFrameworksBuildPhase section */

/* Begin PBXGroup section */
		A398F78B20A346BB00C60946 = {
			isa = PBXGroup;
			children = (
				A398F79620A346BB00C60946 /* Steina */,
				A398F7AC20A4CD1C00C60946 /* web */,
				A398F79520A346BB00C60946 /* Products */,
			);
			sourceTree = "<group>";
		};
		A398F79520A346BB00C60946 /* Products */ = {
			isa = PBXGroup;
			children = (
				A398F79420A346BB00C60946 /* Steina.app */,
			);
			name = Products;
			sourceTree = "<group>";
		};
		A398F79620A346BB00C60946 /* Steina */ = {
			isa = PBXGroup;
			children = (
				A398F7AE20A4D69700C60946 /* ViewControllers */,
				A3C7C6F720C0488E009E08EF /* DrawMaskView.swift */,
				A398F79720A346BB00C60946 /* AppDelegate.swift */,
				A398F79B20A346BB00C60946 /* Main.storyboard */,
				A398F7BE20B3210500C60946 /* MetalWorker.swift */,
				A398F7C020B3266200C60946 /* Shaders.metal */,
				A398F7A120A346BC00C60946 /* Assets.xcassets */,
				A398F7A320A346BC00C60946 /* LaunchScreen.storyboard */,
				A398F7A620A346BC00C60946 /* Info.plist */,
				A398F79E20A346BB00C60946 /* Steina.xcdatamodeld */,
				A398F7C420B45C3F00C60946 /* lib */,
				A398F7C920B45C9600C60946 /* Steina-Bridging-Header.h */,
				A398F7CC20B5A8E900C60946 /* DataTypes.swift */,
				A398F7CE20B5B89D00C60946 /* VideoClip.swift */,
				A398F7D220BB03BF00C60946 /* CoreDataEntities.swift */,
				A3C7C6FD20C04C75009E08EF /* Utils.swift */,
			);
			path = Steina;
			sourceTree = "<group>";
		};
		A398F7AE20A4D69700C60946 /* ViewControllers */ = {
			isa = PBXGroup;
			children = (
				A398F7AF20A4D6C700C60946 /* EditorViewController.swift */,
				A398F7BA20AA4DC100C60946 /* ClipsCollectionViewController.swift */,
				A398F7C220B4582900C60946 /* CaptureViewController.swift */,
				A398F7D620BB05D800C60946 /* ProjectCollectionViewController.swift */,
			);
			path = ViewControllers;
			sourceTree = "<group>";
		};
		A398F7C420B45C3F00C60946 /* lib */ = {
			isa = PBXGroup;
			children = (
				A398F7C520B45C6100C60946 /* jpeglib.h */,
				A398F7C720B45C6100C60946 /* libturbojpeg.a */,
				A398F7C620B45C6100C60946 /* turbojpeg.h */,
			);
			path = lib;
			sourceTree = "<group>";
		};
/* End PBXGroup section */

/* Begin PBXNativeTarget section */
		A398F79320A346BB00C60946 /* Steina */ = {
			isa = PBXNativeTarget;
			buildConfigurationList = A398F7A920A346BC00C60946 /* Build configuration list for PBXNativeTarget "Steina" */;
			buildPhases = (
				A398F79020A346BB00C60946 /* Sources */,
				A398F79120A346BB00C60946 /* Frameworks */,
				A398F79220A346BB00C60946 /* Resources */,
			);
			buildRules = (
			);
			dependencies = (
			);
			name = Steina;
			productName = Steina;
			productReference = A398F79420A346BB00C60946 /* Steina.app */;
			productType = "com.apple.product-type.application";
		};
/* End PBXNativeTarget section */

/* Begin PBXProject section */
		A398F78C20A346BB00C60946 /* Project object */ = {
			isa = PBXProject;
			attributes = {
				LastSwiftUpdateCheck = 0930;
				LastUpgradeCheck = 0930;
				ORGANIZATIONNAME = "Massachusetts Institute of Technology";
				TargetAttributes = {
					A398F79320A346BB00C60946 = {
						CreatedOnToolsVersion = 9.3;
						LastSwiftMigration = 0930;
					};
				};
			};
			buildConfigurationList = A398F78F20A346BB00C60946 /* Build configuration list for PBXProject "Steina" */;
			compatibilityVersion = "Xcode 9.3";
			developmentRegion = en;
			hasScannedForEncodings = 0;
			knownRegions = (
				en,
				Base,
			);
			mainGroup = A398F78B20A346BB00C60946;
			productRefGroup = A398F79520A346BB00C60946 /* Products */;
			projectDirPath = "";
			projectRoot = "";
			targets = (
				A398F79320A346BB00C60946 /* Steina */,
			);
		};
/* End PBXProject section */

/* Begin PBXResourcesBuildPhase section */
		A398F79220A346BB00C60946 /* Resources */ = {
			isa = PBXResourcesBuildPhase;
			buildActionMask = 2147483647;
			files = (
				A398F7A520A346BC00C60946 /* LaunchScreen.storyboard in Resources */,
				A398F7AD20A4CD1C00C60946 /* web in Resources */,
				A398F7A220A346BC00C60946 /* Assets.xcassets in Resources */,
				A398F79D20A346BB00C60946 /* Main.storyboard in Resources */,
			);
			runOnlyForDeploymentPostprocessing = 0;
		};
/* End PBXResourcesBuildPhase section */

/* Begin PBXSourcesBuildPhase section */
		A398F79020A346BB00C60946 /* Sources */ = {
			isa = PBXSourcesBuildPhase;
			buildActionMask = 2147483647;
			files = (
				A398F7D320BB03BF00C60946 /* CoreDataEntities.swift in Sources */,
				A398F7BB20AA4DC100C60946 /* ClipsCollectionViewController.swift in Sources */,
				A3C7C6F820C0488E009E08EF /* DrawMaskView.swift in Sources */,
				A398F7CF20B5B89D00C60946 /* VideoClip.swift in Sources */,
				A398F7C320B4582900C60946 /* CaptureViewController.swift in Sources */,
				A398F7C120B3266200C60946 /* Shaders.metal in Sources */,
				A398F7CD20B5A8E900C60946 /* DataTypes.swift in Sources */,
				A398F7D720BB05D800C60946 /* ProjectCollectionViewController.swift in Sources */,
				A3C7C6FE20C04C75009E08EF /* Utils.swift in Sources */,
				A398F7A020A346BB00C60946 /* Steina.xcdatamodeld in Sources */,
				A398F7BF20B3210500C60946 /* MetalWorker.swift in Sources */,
				A398F7B020A4D6C700C60946 /* EditorViewController.swift in Sources */,
				A398F79820A346BB00C60946 /* AppDelegate.swift in Sources */,
			);
			runOnlyForDeploymentPostprocessing = 0;
		};
/* End PBXSourcesBuildPhase section */

/* Begin PBXVariantGroup section */
		A398F79B20A346BB00C60946 /* Main.storyboard */ = {
			isa = PBXVariantGroup;
			children = (
				A398F79C20A346BB00C60946 /* Base */,
			);
			name = Main.storyboard;
			sourceTree = "<group>";
		};
		A398F7A320A346BC00C60946 /* LaunchScreen.storyboard */ = {
			isa = PBXVariantGroup;
			children = (
				A398F7A420A346BC00C60946 /* Base */,
			);
			name = LaunchScreen.storyboard;
			sourceTree = "<group>";
		};
/* End PBXVariantGroup section */

/* Begin XCBuildConfiguration section */
		A398F7A720A346BC00C60946 /* Debug */ = {
			isa = XCBuildConfiguration;
			buildSettings = {
				ALWAYS_SEARCH_USER_PATHS = NO;
				CLANG_ANALYZER_NONNULL = YES;
				CLANG_ANALYZER_NUMBER_OBJECT_CONVERSION = YES_AGGRESSIVE;
				CLANG_CXX_LANGUAGE_STANDARD = "gnu++14";
				CLANG_CXX_LIBRARY = "libc++";
				CLANG_ENABLE_MODULES = YES;
				CLANG_ENABLE_OBJC_ARC = YES;
				CLANG_ENABLE_OBJC_WEAK = YES;
				CLANG_WARN_BLOCK_CAPTURE_AUTORELEASING = YES;
				CLANG_WARN_BOOL_CONVERSION = YES;
				CLANG_WARN_COMMA = YES;
				CLANG_WARN_CONSTANT_CONVERSION = YES;
				CLANG_WARN_DEPRECATED_OBJC_IMPLEMENTATIONS = YES;
				CLANG_WARN_DIRECT_OBJC_ISA_USAGE = YES_ERROR;
				CLANG_WARN_DOCUMENTATION_COMMENTS = YES;
				CLANG_WARN_EMPTY_BODY = YES;
				CLANG_WARN_ENUM_CONVERSION = YES;
				CLANG_WARN_INFINITE_RECURSION = YES;
				CLANG_WARN_INT_CONVERSION = YES;
				CLANG_WARN_NON_LITERAL_NULL_CONVERSION = YES;
				CLANG_WARN_OBJC_IMPLICIT_RETAIN_SELF = YES;
				CLANG_WARN_OBJC_LITERAL_CONVERSION = YES;
				CLANG_WARN_OBJC_ROOT_CLASS = YES_ERROR;
				CLANG_WARN_RANGE_LOOP_ANALYSIS = YES;
				CLANG_WARN_STRICT_PROTOTYPES = YES;
				CLANG_WARN_SUSPICIOUS_MOVE = YES;
				CLANG_WARN_UNGUARDED_AVAILABILITY = YES_AGGRESSIVE;
				CLANG_WARN_UNREACHABLE_CODE = YES;
				CLANG_WARN__DUPLICATE_METHOD_MATCH = YES;
				CODE_SIGN_IDENTITY = "iPhone Developer";
				COPY_PHASE_STRIP = NO;
				DEBUG_INFORMATION_FORMAT = dwarf;
				ENABLE_STRICT_OBJC_MSGSEND = YES;
				ENABLE_TESTABILITY = YES;
				GCC_C_LANGUAGE_STANDARD = gnu11;
				GCC_DYNAMIC_NO_PIC = NO;
				GCC_NO_COMMON_BLOCKS = YES;
				GCC_OPTIMIZATION_LEVEL = 0;
				GCC_PREPROCESSOR_DEFINITIONS = (
					"DEBUG=1",
					"$(inherited)",
				);
				GCC_WARN_64_TO_32_BIT_CONVERSION = YES;
				GCC_WARN_ABOUT_RETURN_TYPE = YES_ERROR;
				GCC_WARN_UNDECLARED_SELECTOR = YES;
				GCC_WARN_UNINITIALIZED_AUTOS = YES_AGGRESSIVE;
				GCC_WARN_UNUSED_FUNCTION = YES;
				GCC_WARN_UNUSED_VARIABLE = YES;
				IPHONEOS_DEPLOYMENT_TARGET = 11.3;
				MTL_ENABLE_DEBUG_INFO = YES;
				ONLY_ACTIVE_ARCH = YES;
				SDKROOT = iphoneos;
				SWIFT_ACTIVE_COMPILATION_CONDITIONS = DEBUG;
				SWIFT_OPTIMIZATION_LEVEL = "-Onone";
			};
			name = Debug;
		};
		A398F7A820A346BC00C60946 /* Release */ = {
			isa = XCBuildConfiguration;
			buildSettings = {
				ALWAYS_SEARCH_USER_PATHS = NO;
				CLANG_ANALYZER_NONNULL = YES;
				CLANG_ANALYZER_NUMBER_OBJECT_CONVERSION = YES_AGGRESSIVE;
				CLANG_CXX_LANGUAGE_STANDARD = "gnu++14";
				CLANG_CXX_LIBRARY = "libc++";
				CLANG_ENABLE_MODULES = YES;
				CLANG_ENABLE_OBJC_ARC = YES;
				CLANG_ENABLE_OBJC_WEAK = YES;
				CLANG_WARN_BLOCK_CAPTURE_AUTORELEASING = YES;
				CLANG_WARN_BOOL_CONVERSION = YES;
				CLANG_WARN_COMMA = YES;
				CLANG_WARN_CONSTANT_CONVERSION = YES;
				CLANG_WARN_DEPRECATED_OBJC_IMPLEMENTATIONS = YES;
				CLANG_WARN_DIRECT_OBJC_ISA_USAGE = YES_ERROR;
				CLANG_WARN_DOCUMENTATION_COMMENTS = YES;
				CLANG_WARN_EMPTY_BODY = YES;
				CLANG_WARN_ENUM_CONVERSION = YES;
				CLANG_WARN_INFINITE_RECURSION = YES;
				CLANG_WARN_INT_CONVERSION = YES;
				CLANG_WARN_NON_LITERAL_NULL_CONVERSION = YES;
				CLANG_WARN_OBJC_IMPLICIT_RETAIN_SELF = YES;
				CLANG_WARN_OBJC_LITERAL_CONVERSION = YES;
				CLANG_WARN_OBJC_ROOT_CLASS = YES_ERROR;
				CLANG_WARN_RANGE_LOOP_ANALYSIS = YES;
				CLANG_WARN_STRICT_PROTOTYPES = YES;
				CLANG_WARN_SUSPICIOUS_MOVE = YES;
				CLANG_WARN_UNGUARDED_AVAILABILITY = YES_AGGRESSIVE;
				CLANG_WARN_UNREACHABLE_CODE = YES;
				CLANG_WARN__DUPLICATE_METHOD_MATCH = YES;
				CODE_SIGN_IDENTITY = "iPhone Developer";
				COPY_PHASE_STRIP = NO;
				DEBUG_INFORMATION_FORMAT = "dwarf-with-dsym";
				ENABLE_NS_ASSERTIONS = NO;
				ENABLE_STRICT_OBJC_MSGSEND = YES;
				GCC_C_LANGUAGE_STANDARD = gnu11;
				GCC_NO_COMMON_BLOCKS = YES;
				GCC_WARN_64_TO_32_BIT_CONVERSION = YES;
				GCC_WARN_ABOUT_RETURN_TYPE = YES_ERROR;
				GCC_WARN_UNDECLARED_SELECTOR = YES;
				GCC_WARN_UNINITIALIZED_AUTOS = YES_AGGRESSIVE;
				GCC_WARN_UNUSED_FUNCTION = YES;
				GCC_WARN_UNUSED_VARIABLE = YES;
				IPHONEOS_DEPLOYMENT_TARGET = 11.3;
				MTL_ENABLE_DEBUG_INFO = NO;
				SDKROOT = iphoneos;
				SWIFT_COMPILATION_MODE = wholemodule;
				SWIFT_OPTIMIZATION_LEVEL = "-O";
				VALIDATE_PRODUCT = YES;
			};
			name = Release;
		};
		A398F7AA20A346BC00C60946 /* Debug */ = {
			isa = XCBuildConfiguration;
			buildSettings = {
				ASSETCATALOG_COMPILER_APPICON_NAME = AppIcon;
				CLANG_ENABLE_MODULES = YES;
				CODE_SIGN_STYLE = Automatic;
				DEVELOPMENT_TEAM = 38HK43T9W4;
				INFOPLIST_FILE = Steina/Info.plist;
				IPHONEOS_DEPLOYMENT_TARGET = 11.0;
				LD_RUNPATH_SEARCH_PATHS = (
					"$(inherited)",
					"@executable_path/Frameworks",
				);
				LIBRARY_SEARCH_PATHS = (
					"$(inherited)",
					"$(PROJECT_DIR)/Steina/lib",
				);
				PRODUCT_BUNDLE_IDENTIFIER = edu.mit.media.llk.Steina;
				PRODUCT_NAME = "$(TARGET_NAME)";
				SWIFT_OBJC_BRIDGING_HEADER = "Steina/Steina-Bridging-Header.h";
				SWIFT_OPTIMIZATION_LEVEL = "-Onone";
				SWIFT_VERSION = 4.0;
				TARGETED_DEVICE_FAMILY = "1,2";
			};
			name = Debug;
		};
		A398F7AB20A346BC00C60946 /* Release */ = {
			isa = XCBuildConfiguration;
			buildSettings = {
				ASSETCATALOG_COMPILER_APPICON_NAME = AppIcon;
				CLANG_ENABLE_MODULES = YES;
				CODE_SIGN_STYLE = Automatic;
				DEVELOPMENT_TEAM = 38HK43T9W4;
				GCC_OPTIMIZATION_LEVEL = fast;
				INFOPLIST_FILE = Steina/Info.plist;
				IPHONEOS_DEPLOYMENT_TARGET = 11.0;
				LD_RUNPATH_SEARCH_PATHS = (
					"$(inherited)",
					"@executable_path/Frameworks",
				);
				LIBRARY_SEARCH_PATHS = (
					"$(inherited)",
					"$(PROJECT_DIR)/Steina/lib",
				);
				PRODUCT_BUNDLE_IDENTIFIER = edu.mit.media.llk.Steina;
				PRODUCT_NAME = "$(TARGET_NAME)";
				SWIFT_OBJC_BRIDGING_HEADER = "Steina/Steina-Bridging-Header.h";
				SWIFT_VERSION = 4.0;
				TARGETED_DEVICE_FAMILY = "1,2";
			};
			name = Release;
		};
/* End XCBuildConfiguration section */

/* Begin XCConfigurationList section */
		A398F78F20A346BB00C60946 /* Build configuration list for PBXProject "Steina" */ = {
			isa = XCConfigurationList;
			buildConfigurations = (
				A398F7A720A346BC00C60946 /* Debug */,
				A398F7A820A346BC00C60946 /* Release */,
			);
			defaultConfigurationIsVisible = 0;
			defaultConfigurationName = Release;
		};
		A398F7A920A346BC00C60946 /* Build configuration list for PBXNativeTarget "Steina" */ = {
			isa = XCConfigurationList;
			buildConfigurations = (
				A398F7AA20A346BC00C60946 /* Debug */,
				A398F7AB20A346BC00C60946 /* Release */,
			);
			defaultConfigurationIsVisible = 0;
			defaultConfigurationName = Release;
		};
/* End XCConfigurationList section */

/* Begin XCVersionGroup section */
		A398F79E20A346BB00C60946 /* Steina.xcdatamodeld */ = {
			isa = XCVersionGroup;
			children = (
				A398F79F20A346BB00C60946 /* Steina.xcdatamodel */,
			);
			currentVersion = A398F79F20A346BB00C60946 /* Steina.xcdatamodel */;
			path = Steina.xcdatamodeld;
			sourceTree = "<group>";
			versionGroupType = wrapper.xcdatamodel;
		};
/* End XCVersionGroup section */
	};
	rootObject = A398F78C20A346BB00C60946 /* Project object */;
}
